Microsoft Visual Studio Solution File, Format Version 11.00
# Visual Studio 2008

Project("{0C16B073-0A03-D9EB-76C5-3AA1F56E8BAA}") = "UnityFiles", "Assembly-CSharp-vs.csproj", "{AC0E04BE-CDF5-82F4-A934-8A98CDABADAC}"
EndProject
Global
	GlobalSection(SolutionConfigurationPlatforms) = preSolution
		Debug|Any CPU = Debug|Any CPU
		Release|Any CPU = Release|Any CPU
	EndGlobalSection
	GlobalSection(ProjectConfigurationPlatforms) = postSolution
		{AC0E04BE-CDF5-82F4-A934-8A98CDABADAC}.Debug|Any CPU.ActiveCfg = Debug|Any CPU
		{AC0E04BE-CDF5-82F4-A934-8A98CDABADAC}.Debug|Any CPU.Build.0 = Debug|Any CPU
		{AC0E04BE-CDF5-82F4-A934-8A98CDABADAC}.Release|Any CPU.ActiveCfg = Release|Any CPU
		{AC0E04BE-CDF5-82F4-A934-8A98CDABADAC}.Release|Any CPU.Build.0 = Release|Any CPU
	EndGlobalSection
	GlobalSection(SolutionProperties) = preSolution
		HideSolutionNode = FALSE
	EndGlobalSection
																																		GlobalSection(MonoDevelopProperties) = preSolution
		StartupItem = Assembly-CSharp.csproj
		Policies = $0
		$0.TextStylePolicy = $1
		$1.inheritsSet = null
		$1.scope = text/x-csharp
		$0.CSharpFormattingPolicy = $2
		$2.inheritsSet = Mono
		$2.inheritsScope = text/x-csharp
		$2.scope = text/x-csharp
		$0.TextStylePolicy = $3
		$3.FileWidth = 120
		$3.TabWidth = 4
		$3.EolMarker = Unix
		$3.inheritsSet = Mono
		$3.inheritsScope = text/plain
		$3.scope = text/plain
	EndGlobalSection

EndGlobal
